
Microsoft Visual Studio Solution File, Format Version 12.00
# Visual Studio 15
VisualStudioVersion = 15.0.28307.329
MinimumVisualStudioVersion = 10.0.40219.1
Project("{FAE04EC0-301F-11D3-BF4B-00C04F79EFBC}") = "Webreq", "Webreq\Webreq.csproj", "{AC09CF25-5835-4F4D-AAF1-30C0ABD96F5D}"
EndProject
Global
	GlobalSection(SolutionConfigurationPlatforms) = preSolution
		Debug|Any CPU = Debug|Any CPU
		Release|Any CPU = Release|Any CPU
	EndGlobalSection
	GlobalSection(ProjectConfigurationPlatforms) = postSolution
		{AC09CF25-5835-4F4D-AAF1-30C0ABD96F5D}.Debug|Any CPU.ActiveCfg = Debug|Any CPU
		{AC09CF25-5835-4F4D-AAF1-30C0ABD96F5D}.Debug|Any CPU.Build.0 = Debug|Any CPU
		{AC09CF25-5835-4F4D-AAF1-30C0ABD96F5D}.Release|Any CPU.ActiveCfg = Release|Any CPU
		{AC09CF25-5835-4F4D-AAF1-30C0ABD96F5D}.Release|Any CPU.Build.0 = Release|Any CPU
	EndGlobalSection
	GlobalSection(SolutionProperties) = preSolution
		HideSolutionNode = FALSE
	EndGlobalSection
	GlobalSection(ExtensibilityGlobals) = postSolution
		SolutionGuid = {7007A8B3-80B6-4307-919E-D57B7C849A27}
	EndGlobalSection
EndGlobal
